
Microsoft Visual Studio Solution File, Format Version 12.00
# Visual Studio Version 17
VisualStudioVersion = 17.4.33110.190
MinimumVisualStudioVersion = 10.0.40219.1
Project("{FAE04EC0-301F-11D3-BF4B-00C04F79EFBC}") = "TwitterTrendApp", "TwitterTrendApp\TwitterTrendApp.csproj", "{5CDA507F-2588-46DB-9438-719B370E6C79}"
EndProject
Global
	GlobalSection(SolutionConfigurationPlatforms) = preSolution
		Debug|Any CPU = Debug|Any CPU
		Release|Any CPU = Release|Any CPU
	EndGlobalSection
	GlobalSection(ProjectConfigurationPlatforms) = postSolution
		{5CDA507F-2588-46DB-9438-719B370E6C79}.Debug|Any CPU.ActiveCfg = Debug|Any CPU
		{5CDA507F-2588-46DB-9438-719B370E6C79}.Debug|Any CPU.Build.0 = Debug|Any CPU
		{5CDA507F-2588-46DB-9438-719B370E6C79}.Release|Any CPU.ActiveCfg = Release|Any CPU
		{5CDA507F-2588-46DB-9438-719B370E6C79}.Release|Any CPU.Build.0 = Release|Any CPU
	EndGlobalSection
	GlobalSection(SolutionProperties) = preSolution
		HideSolutionNode = FALSE
	EndGlobalSection
	GlobalSection(ExtensibilityGlobals) = postSolution
		SolutionGuid = {C0EC80C4-6445-4808-A5A8-C5F5AFEB041B}
	EndGlobalSection
EndGlobal
